
Microsoft Visual Studio Solution File, Format Version 12.00
# Visual Studio Version 17
VisualStudioVersion = 17.3.32728.150
MinimumVisualStudioVersion = 10.0.40219.1
Project("{FAE04EC0-301F-11D3-BF4B-00C04F79EFBC}") = "02.VariablesTiposOperadores.Ejercicio02", "02.VariablesTiposOperadores.Ejercicio02.csproj", "{F7F446FB-2A39-4438-96FA-FA104BFF6321}"
EndProject
Global
	GlobalSection(SolutionConfigurationPlatforms) = preSolution
		Debug|Any CPU = Debug|Any CPU
		Release|Any CPU = Release|Any CPU
	EndGlobalSection
	GlobalSection(ProjectConfigurationPlatforms) = postSolution
		{F7F446FB-2A39-4438-96FA-FA104BFF6321}.Debug|Any CPU.ActiveCfg = Debug|Any CPU
		{F7F446FB-2A39-4438-96FA-FA104BFF6321}.Debug|Any CPU.Build.0 = Debug|Any CPU
		{F7F446FB-2A39-4438-96FA-FA104BFF6321}.Release|Any CPU.ActiveCfg = Release|Any CPU
		{F7F446FB-2A39-4438-96FA-FA104BFF6321}.Release|Any CPU.Build.0 = Release|Any CPU
	EndGlobalSection
	GlobalSection(SolutionProperties) = preSolution
		HideSolutionNode = FALSE
	EndGlobalSection
	GlobalSection(ExtensibilityGlobals) = postSolution
		SolutionGuid = {711FE075-939F-4733-9DC0-1BB0E006C694}
	EndGlobalSection
EndGlobal
