
Microsoft Visual Studio Solution File, Format Version 12.00
# Visual Studio Version 17
VisualStudioVersion = 17.3.32728.150
MinimumVisualStudioVersion = 10.0.40219.1
Project("{9A19103F-16F7-4668-BE54-9A1E7A4F7556}") = "UniversityApiBachend", "UniversityApiBachend\UniversityApiBachend.csproj", "{122C2210-1A34-42A4-94AA-7A73F42A4CE4}"
EndProject
Project("{FAE04EC0-301F-11D3-BF4B-00C04F79EFBC}") = "LinqSnippets", "LinqSnippets\LinqSnippets.csproj", "{B565C008-89EB-4453-9194-8C9BBC9DE464}"
EndProject
Global
	GlobalSection(SolutionConfigurationPlatforms) = preSolution
		Debug|Any CPU = Debug|Any CPU
		Release|Any CPU = Release|Any CPU
	EndGlobalSection
	GlobalSection(ProjectConfigurationPlatforms) = postSolution
		{122C2210-1A34-42A4-94AA-7A73F42A4CE4}.Debug|Any CPU.ActiveCfg = Debug|Any CPU
		{122C2210-1A34-42A4-94AA-7A73F42A4CE4}.Debug|Any CPU.Build.0 = Debug|Any CPU
		{122C2210-1A34-42A4-94AA-7A73F42A4CE4}.Release|Any CPU.ActiveCfg = Release|Any CPU
		{122C2210-1A34-42A4-94AA-7A73F42A4CE4}.Release|Any CPU.Build.0 = Release|Any CPU
		{B565C008-89EB-4453-9194-8C9BBC9DE464}.Debug|Any CPU.ActiveCfg = Debug|Any CPU
		{B565C008-89EB-4453-9194-8C9BBC9DE464}.Debug|Any CPU.Build.0 = Debug|Any CPU
		{B565C008-89EB-4453-9194-8C9BBC9DE464}.Release|Any CPU.ActiveCfg = Release|Any CPU
		{B565C008-89EB-4453-9194-8C9BBC9DE464}.Release|Any CPU.Build.0 = Release|Any CPU
	EndGlobalSection
	GlobalSection(SolutionProperties) = preSolution
		HideSolutionNode = FALSE
	EndGlobalSection
	GlobalSection(ExtensibilityGlobals) = postSolution
		SolutionGuid = {380479CA-7EAE-4521-8F7A-AB5BF7526B56}
	EndGlobalSection
EndGlobal
