
Microsoft Visual Studio Solution File, Format Version 12.00
# Visual Studio Version 17
VisualStudioVersion = 17.3.32728.150
MinimumVisualStudioVersion = 10.0.40219.1
Project("{FAE04EC0-301F-11D3-BF4B-00C04F79EFBC}") = "Ejercicio.01", "Ejercicio.01.csproj", "{84412229-2859-4588-AB67-A3294C0B5B98}"
EndProject
Global
	GlobalSection(SolutionConfigurationPlatforms) = preSolution
		Debug|Any CPU = Debug|Any CPU
		Release|Any CPU = Release|Any CPU
	EndGlobalSection
	GlobalSection(ProjectConfigurationPlatforms) = postSolution
		{84412229-2859-4588-AB67-A3294C0B5B98}.Debug|Any CPU.ActiveCfg = Debug|Any CPU
		{84412229-2859-4588-AB67-A3294C0B5B98}.Debug|Any CPU.Build.0 = Debug|Any CPU
		{84412229-2859-4588-AB67-A3294C0B5B98}.Release|Any CPU.ActiveCfg = Release|Any CPU
		{84412229-2859-4588-AB67-A3294C0B5B98}.Release|Any CPU.Build.0 = Release|Any CPU
	EndGlobalSection
	GlobalSection(SolutionProperties) = preSolution
		HideSolutionNode = FALSE
	EndGlobalSection
	GlobalSection(ExtensibilityGlobals) = postSolution
		SolutionGuid = {FE3F14DC-5B8F-4B70-B8BC-9D5F6B98BD40}
	EndGlobalSection
EndGlobal
