
Microsoft Visual Studio Solution File, Format Version 12.00
# Visual Studio Version 17
VisualStudioVersion = 17.3.32728.150
MinimumVisualStudioVersion = 10.0.40219.1
Project("{FAE04EC0-301F-11D3-BF4B-00C04F79EFBC}") = "Crono", "Crono\Crono.csproj", "{DD4B67AA-3903-403E-937D-F40A5D7484CF}"
EndProject
Global
	GlobalSection(SolutionConfigurationPlatforms) = preSolution
		Debug|Any CPU = Debug|Any CPU
		Release|Any CPU = Release|Any CPU
	EndGlobalSection
	GlobalSection(ProjectConfigurationPlatforms) = postSolution
		{DD4B67AA-3903-403E-937D-F40A5D7484CF}.Debug|Any CPU.ActiveCfg = Debug|Any CPU
		{DD4B67AA-3903-403E-937D-F40A5D7484CF}.Debug|Any CPU.Build.0 = Debug|Any CPU
		{DD4B67AA-3903-403E-937D-F40A5D7484CF}.Release|Any CPU.ActiveCfg = Release|Any CPU
		{DD4B67AA-3903-403E-937D-F40A5D7484CF}.Release|Any CPU.Build.0 = Release|Any CPU
	EndGlobalSection
	GlobalSection(SolutionProperties) = preSolution
		HideSolutionNode = FALSE
	EndGlobalSection
	GlobalSection(ExtensibilityGlobals) = postSolution
		SolutionGuid = {159EFBDB-56E0-4038-B07E-56E7666FFE4B}
	EndGlobalSection
EndGlobal
